
Microsoft Visual Studio Solution File, Format Version 12.00
# Visual Studio 15
VisualStudioVersion = 15.0.28010.2046
MinimumVisualStudioVersion = 10.0.40219.1
Project("{9A19103F-16F7-4668-BE54-9A1E7A4F7556}") = "DynamoDBTest", "DynamoDBTest\DynamoDBTest.csproj", "{AEB33DBE-835C-40D6-AFE4-DD54C568C01D}"
EndProject
Global
	GlobalSection(SolutionConfigurationPlatforms) = preSolution
		Debug|Any CPU = Debug|Any CPU
		Release|Any CPU = Release|Any CPU
	EndGlobalSection
	GlobalSection(ProjectConfigurationPlatforms) = postSolution
		{AEB33DBE-835C-40D6-AFE4-DD54C568C01D}.Debug|Any CPU.ActiveCfg = Debug|Any CPU
		{AEB33DBE-835C-40D6-AFE4-DD54C568C01D}.Debug|Any CPU.Build.0 = Debug|Any CPU
		{AEB33DBE-835C-40D6-AFE4-DD54C568C01D}.Release|Any CPU.ActiveCfg = Release|Any CPU
		{AEB33DBE-835C-40D6-AFE4-DD54C568C01D}.Release|Any CPU.Build.0 = Release|Any CPU
	EndGlobalSection
	GlobalSection(SolutionProperties) = preSolution
		HideSolutionNode = FALSE
	EndGlobalSection
	GlobalSection(ExtensibilityGlobals) = postSolution
		SolutionGuid = {D72D37FE-0F0D-4D87-98DC-16DAC522334A}
	EndGlobalSection
EndGlobal
